<Solution>
  <Project Path="AmazingAssets.CurvedWorld.Examples.csproj" />
  <Project Path="AmazingAssets.CurvedWorld.Editor.csproj" />
  <Project Path="Assembly-CSharp.csproj" />
  <Project Path="AmazingAssets.CurvedWorld.Editor.Universal.ShaderGUI.csproj" />
  <Project Path="AmazingAssets.CurvedWorld.csproj" />
</Solution>
